
Microsoft Visual Studio Solution File, Format Version 12.00
# Visual Studio 2013
VisualStudioVersion = 12.0.20617.1 PREVIEW
MinimumVisualStudioVersion = 10.0.40219.1
Project("{FAE04EC0-301F-11D3-BF4B-00C04F79EFBC}") = "BranchAbstraction.Presentation", "WFTest\BranchAbstraction.Presentation.csproj", "{42FD9C5D-60D7-453A-8D6F-94BF89276ED4}"
EndProject
Project("{FAE04EC0-301F-11D3-BF4B-00C04F79EFBC}") = "BranchAbstraction.Bussines", "WFTest.Bussines\BranchAbstraction.Bussines.csproj", "{A077F401-FAFD-486B-A5E9-D33E46BE19F2}"
EndProject
Project("{FAE04EC0-301F-11D3-BF4B-00C04F79EFBC}") = "BranchAbstraction.Data", "WFTest.Data\BranchAbstraction.Data.csproj", "{DC3A3F5C-5D50-4A67-85A1-7C00DB361A25}"
EndProject
Project("{2150E333-8FDC-42A3-9474-1A3956D46DE8}") = "1.-Presentation", "1.-Presentation", "{C163EF55-2495-412E-8E18-E61A6DF673F6}"
EndProject
Project("{2150E333-8FDC-42A3-9474-1A3956D46DE8}") = "2.-Domain", "2.-Domain", "{78E86119-8BCD-4C41-AB1A-841A6760B3ED}"
EndProject
Project("{2150E333-8FDC-42A3-9474-1A3956D46DE8}") = "3.-Data", "3.-Data", "{3C56041C-0940-40DC-AD6B-66BD9DAC89F0}"
EndProject
Project("{2150E333-8FDC-42A3-9474-1A3956D46DE8}") = "2.1 Code", "2.1 Code", "{C9CCBB55-33C9-4888-8F5F-9A55D07D85B4}"
EndProject
Project("{2150E333-8FDC-42A3-9474-1A3956D46DE8}") = "2.2 Test", "2.2 Test", "{47B3A5A2-51E7-44A5-94CF-0538DF7380AF}"
EndProject
Project("{FAE04EC0-301F-11D3-BF4B-00C04F79EFBC}") = "BranchAbstraction.Bussines.Test", "BranchAbstraction.Bussines.Test\BranchAbstraction.Bussines.Test.csproj", "{D062EC37-2B47-4734-8636-8CA1CC593673}"
EndProject
Global
	GlobalSection(SolutionConfigurationPlatforms) = preSolution
		Debug|Any CPU = Debug|Any CPU
		Debug|Mixed Platforms = Debug|Mixed Platforms
		Debug|x86 = Debug|x86
		Release|Any CPU = Release|Any CPU
		Release|Mixed Platforms = Release|Mixed Platforms
		Release|x86 = Release|x86
	EndGlobalSection
	GlobalSection(ProjectConfigurationPlatforms) = postSolution
		{42FD9C5D-60D7-453A-8D6F-94BF89276ED4}.Debug|Any CPU.ActiveCfg = Debug|Any CPU
		{42FD9C5D-60D7-453A-8D6F-94BF89276ED4}.Debug|Any CPU.Build.0 = Debug|Any CPU
		{42FD9C5D-60D7-453A-8D6F-94BF89276ED4}.Debug|Mixed Platforms.ActiveCfg = Debug|Any CPU
		{42FD9C5D-60D7-453A-8D6F-94BF89276ED4}.Debug|x86.ActiveCfg = Debug|Any CPU
		{42FD9C5D-60D7-453A-8D6F-94BF89276ED4}.Release|Any CPU.ActiveCfg = Release|Any CPU
		{42FD9C5D-60D7-453A-8D6F-94BF89276ED4}.Release|Any CPU.Build.0 = Release|Any CPU
		{42FD9C5D-60D7-453A-8D6F-94BF89276ED4}.Release|Mixed Platforms.ActiveCfg = Release|Any CPU
		{42FD9C5D-60D7-453A-8D6F-94BF89276ED4}.Release|x86.ActiveCfg = Release|Any CPU
		{A077F401-FAFD-486B-A5E9-D33E46BE19F2}.Debug|Any CPU.ActiveCfg = Debug|Any CPU
		{A077F401-FAFD-486B-A5E9-D33E46BE19F2}.Debug|Any CPU.Build.0 = Debug|Any CPU
		{A077F401-FAFD-486B-A5E9-D33E46BE19F2}.Debug|Mixed Platforms.ActiveCfg = Debug|Any CPU
		{A077F401-FAFD-486B-A5E9-D33E46BE19F2}.Debug|Mixed Platforms.Build.0 = Debug|Any CPU
		{A077F401-FAFD-486B-A5E9-D33E46BE19F2}.Debug|x86.ActiveCfg = Debug|Any CPU
		{A077F401-FAFD-486B-A5E9-D33E46BE19F2}.Release|Any CPU.ActiveCfg = Release|Any CPU
		{A077F401-FAFD-486B-A5E9-D33E46BE19F2}.Release|Any CPU.Build.0 = Release|Any CPU
		{A077F401-FAFD-486B-A5E9-D33E46BE19F2}.Release|Mixed Platforms.ActiveCfg = Release|Any CPU
		{A077F401-FAFD-486B-A5E9-D33E46BE19F2}.Release|Mixed Platforms.Build.0 = Release|Any CPU
		{A077F401-FAFD-486B-A5E9-D33E46BE19F2}.Release|x86.ActiveCfg = Release|Any CPU
		{DC3A3F5C-5D50-4A67-85A1-7C00DB361A25}.Debug|Any CPU.ActiveCfg = Debug|Any CPU
		{DC3A3F5C-5D50-4A67-85A1-7C00DB361A25}.Debug|Any CPU.Build.0 = Debug|Any CPU
		{DC3A3F5C-5D50-4A67-85A1-7C00DB361A25}.Debug|Mixed Platforms.ActiveCfg = Debug|Any CPU
		{DC3A3F5C-5D50-4A67-85A1-7C00DB361A25}.Debug|Mixed Platforms.Build.0 = Debug|Any CPU
		{DC3A3F5C-5D50-4A67-85A1-7C00DB361A25}.Debug|x86.ActiveCfg = Debug|Any CPU
		{DC3A3F5C-5D50-4A67-85A1-7C00DB361A25}.Release|Any CPU.ActiveCfg = Release|Any CPU
		{DC3A3F5C-5D50-4A67-85A1-7C00DB361A25}.Release|Any CPU.Build.0 = Release|Any CPU
		{DC3A3F5C-5D50-4A67-85A1-7C00DB361A25}.Release|Mixed Platforms.ActiveCfg = Release|Any CPU
		{DC3A3F5C-5D50-4A67-85A1-7C00DB361A25}.Release|Mixed Platforms.Build.0 = Release|Any CPU
		{DC3A3F5C-5D50-4A67-85A1-7C00DB361A25}.Release|x86.ActiveCfg = Release|Any CPU
		{D062EC37-2B47-4734-8636-8CA1CC593673}.Debug|Any CPU.ActiveCfg = Debug|Any CPU
		{D062EC37-2B47-4734-8636-8CA1CC593673}.Debug|Any CPU.Build.0 = Debug|Any CPU
		{D062EC37-2B47-4734-8636-8CA1CC593673}.Debug|Mixed Platforms.ActiveCfg = Debug|Any CPU
		{D062EC37-2B47-4734-8636-8CA1CC593673}.Debug|Mixed Platforms.Build.0 = Debug|Any CPU
		{D062EC37-2B47-4734-8636-8CA1CC593673}.Debug|x86.ActiveCfg = Debug|Any CPU
		{D062EC37-2B47-4734-8636-8CA1CC593673}.Release|Any CPU.ActiveCfg = Release|Any CPU
		{D062EC37-2B47-4734-8636-8CA1CC593673}.Release|Any CPU.Build.0 = Release|Any CPU
		{D062EC37-2B47-4734-8636-8CA1CC593673}.Release|Mixed Platforms.ActiveCfg = Release|Any CPU
		{D062EC37-2B47-4734-8636-8CA1CC593673}.Release|Mixed Platforms.Build.0 = Release|Any CPU
		{D062EC37-2B47-4734-8636-8CA1CC593673}.Release|x86.ActiveCfg = Release|Any CPU
	EndGlobalSection
	GlobalSection(SolutionProperties) = preSolution
		HideSolutionNode = FALSE
	EndGlobalSection
	GlobalSection(NestedProjects) = preSolution
		{42FD9C5D-60D7-453A-8D6F-94BF89276ED4} = {C163EF55-2495-412E-8E18-E61A6DF673F6}
		{C9CCBB55-33C9-4888-8F5F-9A55D07D85B4} = {78E86119-8BCD-4C41-AB1A-841A6760B3ED}
		{47B3A5A2-51E7-44A5-94CF-0538DF7380AF} = {78E86119-8BCD-4C41-AB1A-841A6760B3ED}
		{DC3A3F5C-5D50-4A67-85A1-7C00DB361A25} = {3C56041C-0940-40DC-AD6B-66BD9DAC89F0}
		{A077F401-FAFD-486B-A5E9-D33E46BE19F2} = {C9CCBB55-33C9-4888-8F5F-9A55D07D85B4}
		{D062EC37-2B47-4734-8636-8CA1CC593673} = {47B3A5A2-51E7-44A5-94CF-0538DF7380AF}
	EndGlobalSection
EndGlobal
